
Microsoft Visual Studio Solution File, Format Version 12.00
# Visual Studio 15
VisualStudioVersion = 15.0.28307.960
MinimumVisualStudioVersion = 10.0.40219.1
Project("{FAE04EC0-301F-11D3-BF4B-00C04F79EFBC}") = "Задания по WPF", "Задания по WPF\Задания по WPF.csproj", "{35C2BA77-14EB-4546-A8FB-CB0CBEBDCF3E}"
EndProject
Global
	GlobalSection(SolutionConfigurationPlatforms) = preSolution
		Debug|Any CPU = Debug|Any CPU
		Release|Any CPU = Release|Any CPU
	EndGlobalSection
	GlobalSection(ProjectConfigurationPlatforms) = postSolution
		{35C2BA77-14EB-4546-A8FB-CB0CBEBDCF3E}.Debug|Any CPU.ActiveCfg = Debug|Any CPU
		{35C2BA77-14EB-4546-A8FB-CB0CBEBDCF3E}.Debug|Any CPU.Build.0 = Debug|Any CPU
		{35C2BA77-14EB-4546-A8FB-CB0CBEBDCF3E}.Release|Any CPU.ActiveCfg = Release|Any CPU
		{35C2BA77-14EB-4546-A8FB-CB0CBEBDCF3E}.Release|Any CPU.Build.0 = Release|Any CPU
	EndGlobalSection
	GlobalSection(SolutionProperties) = preSolution
		HideSolutionNode = FALSE
	EndGlobalSection
	GlobalSection(ExtensibilityGlobals) = postSolution
		SolutionGuid = {A0024F58-4AEB-4E1B-8B28-8EF986CC8B65}
	EndGlobalSection
EndGlobal
